// !$*UTF8*$!
{
	archiveVersion = 1;
	classes = {
	};
	objectVersion = 52;
	objects = {

/* Begin PBXBuildFile section */
		78A4EFCA259F814100F3A276 /* Event.swift in Sources */ = {isa = PBXBuildFile; fileRef = E319BA7124B23552007040B4 /* Event.swift */; };
		78A4EFCB259F814300F3A276 /* EventStore.swift in Sources */ = {isa = PBXBuildFile; fileRef = E3B817E324BA3E990077951F /* EventStore.swift */; };
		78A4EFCC259F814500F3A276 /* EventTestData.swift in Sources */ = {isa = PBXBuildFile; fileRef = E3B817E724BA44F60077951F /* EventTestData.swift */; };
		78A4EFDE259F976100F3A276 /* AddEventViewModel.swift in Sources */ = {isa = PBXBuildFile; fileRef = 78A4EFDD259F976100F3A276 /* AddEventViewModel.swift */; };
		78A4EFE6259FD0B600F3A276 /* LoginView.swift in Sources */ = {isa = PBXBuildFile; fileRef = 78A4EFE5259FD0B600F3A276 /* LoginView.swift */; };
		78A4EFF1259FD98900F3A276 /* ProfileView.swift in Sources */ = {isa = PBXBuildFile; fileRef = 78A4EFF0259FD98900F3A276 /* ProfileView.swift */; };
		78A4F00A259FF97E00F3A276 /* FirebaseAuth in Frameworks */ = {isa = PBXBuildFile; productRef = 78A4F009259FF97E00F3A276 /* FirebaseAuth */; };
		78A4F00C259FF97E00F3A276 /* FirebaseFirestore in Frameworks */ = {isa = PBXBuildFile; productRef = 78A4F00B259FF97E00F3A276 /* FirebaseFirestore */; };
		78A4F00E259FF97E00F3A276 /* FirebaseFirestoreSwift-Beta in Frameworks */ = {isa = PBXBuildFile; productRef = 78A4F00D259FF97E00F3A276 /* FirebaseFirestoreSwift-Beta */; };
		78A4F01F25A0031500F3A276 /* DateTimePicker.swift in Sources */ = {isa = PBXBuildFile; fileRef = 78A4F01E25A0031500F3A276 /* DateTimePicker.swift */; };
		E304B73B24B21EDB00C6C408 /* AppView.swift in Sources */ = {isa = PBXBuildFile; fileRef = E304B73A24B21EDB00C6C408 /* AppView.swift */; };
		E304B73D24B2231900C6C408 /* AppView.swift in Sources */ = {isa = PBXBuildFile; fileRef = E304B73C24B2231900C6C408 /* AppView.swift */; };
		E304B74024B2254E00C6C408 /* EventsOverview.swift in Sources */ = {isa = PBXBuildFile; fileRef = E304B73F24B2254E00C6C408 /* EventsOverview.swift */; };
		E304B74224B2332700C6C408 /* AddEventView.swift in Sources */ = {isa = PBXBuildFile; fileRef = E304B74124B2332700C6C408 /* AddEventView.swift */; };
		E31422FC24B8FE5A00CCE52C /* GoogleService-Info.plist in Resources */ = {isa = PBXBuildFile; fileRef = E31422FB24B8FE5A00CCE52C /* GoogleService-Info.plist */; };
		E31689EF24B8FB610061D9DF /* AppDelegate.swift in Sources */ = {isa = PBXBuildFile; fileRef = E31689EE24B8FB610061D9DF /* AppDelegate.swift */; };
		E319BA7224B23552007040B4 /* Event.swift in Sources */ = {isa = PBXBuildFile; fileRef = E319BA7124B23552007040B4 /* Event.swift */; };
		E349426D24AF50C600658E9D /* Tests_iOS.swift in Sources */ = {isa = PBXBuildFile; fileRef = E349426C24AF50C600658E9D /* Tests_iOS.swift */; };
		E349427824AF50C600658E9D /* Tests_macOS.swift in Sources */ = {isa = PBXBuildFile; fileRef = E349427724AF50C600658E9D /* Tests_macOS.swift */; };
		E349427A24AF50C600658E9D /* AthletyApp.swift in Sources */ = {isa = PBXBuildFile; fileRef = E349425124AF50C400658E9D /* AthletyApp.swift */; };
		E349427B24AF50C600658E9D /* AthletyApp.swift in Sources */ = {isa = PBXBuildFile; fileRef = E349425124AF50C400658E9D /* AthletyApp.swift */; };
		E349427E24AF50C600658E9D /* Assets.xcassets in Resources */ = {isa = PBXBuildFile; fileRef = E349425324AF50C600658E9D /* Assets.xcassets */; };
		E349427F24AF50C600658E9D /* Assets.xcassets in Resources */ = {isa = PBXBuildFile; fileRef = E349425324AF50C600658E9D /* Assets.xcassets */; };
		E35F7D5D24BA4A71008E7A2D /* EventCardView.swift in Sources */ = {isa = PBXBuildFile; fileRef = E35F7D5C24BA4A71008E7A2D /* EventCardView.swift */; };
		E35F7D6024BA53AA008E7A2D /* EventDetailsView.swift in Sources */ = {isa = PBXBuildFile; fileRef = E35F7D5F24BA53AA008E7A2D /* EventDetailsView.swift */; };
		E3B817E424BA3E990077951F /* EventStore.swift in Sources */ = {isa = PBXBuildFile; fileRef = E3B817E324BA3E990077951F /* EventStore.swift */; };
		E3B817E824BA44F60077951F /* EventTestData.swift in Sources */ = {isa = PBXBuildFile; fileRef = E3B817E724BA44F60077951F /* EventTestData.swift */; };
/* End PBXBuildFile section */

/* Begin PBXContainerItemProxy section */
		E349426924AF50C600658E9D /* PBXContainerItemProxy */ = {
			isa = PBXContainerItemProxy;
			containerPortal = E349424C24AF50C400658E9D /* Project object */;
			proxyType = 1;
			remoteGlobalIDString = E349425724AF50C600658E9D;
			remoteInfo = iOS;
		};
		E349427424AF50C600658E9D /* PBXContainerItemProxy */ = {
			isa = PBXContainerItemProxy;
			containerPortal = E349424C24AF50C400658E9D /* Project object */;
			proxyType = 1;
			remoteGlobalIDString = E349425F24AF50C600658E9D;
			remoteInfo = macOS;
		};
/* End PBXContainerItemProxy section */

/* Begin PBXFileReference section */
		78A4EFDD259F976100F3A276 /* AddEventViewModel.swift */ = {isa = PBXFileReference; lastKnownFileType = sourcecode.swift; path = AddEventViewModel.swift; sourceTree = "<group>"; };
		78A4EFE5259FD0B600F3A276 /* LoginView.swift */ = {isa = PBXFileReference; lastKnownFileType = sourcecode.swift; path = LoginView.swift; sourceTree = "<group>"; };
		78A4EFF0259FD98900F3A276 /* ProfileView.swift */ = {isa = PBXFileReference; lastKnownFileType = sourcecode.swift; path = ProfileView.swift; sourceTree = "<group>"; };
		78A4F01E25A0031500F3A276 /* DateTimePicker.swift */ = {isa = PBXFileReference; fileEncoding = 4; lastKnownFileType = sourcecode.swift; path = DateTimePicker.swift; sourceTree = "<group>"; };
		E304B73A24B21EDB00C6C408 /* AppView.swift */ = {isa = PBXFileReference; lastKnownFileType = sourcecode.swift; path = AppView.swift; sourceTree = "<group>"; };
		E304B73C24B2231900C6C408 /* AppView.swift */ = {isa = PBXFileReference; lastKnownFileType = sourcecode.swift; path = AppView.swift; sourceTree = "<group>"; };
		E304B73F24B2254E00C6C408 /* EventsOverview.swift */ = {isa = PBXFileReference; lastKnownFileType = sourcecode.swift; path = EventsOverview.swift; sourceTree = "<group>"; };
		E304B74124B2332700C6C408 /* AddEventView.swift */ = {isa = PBXFileReference; lastKnownFileType = sourcecode.swift; path = AddEventView.swift; sourceTree = "<group>"; };
		E31422FB24B8FE5A00CCE52C /* GoogleService-Info.plist */ = {isa = PBXFileReference; fileEncoding = 4; lastKnownFileType = text.plist.xml; path = "GoogleService-Info.plist"; sourceTree = "<group>"; };
		E31689EE24B8FB610061D9DF /* AppDelegate.swift */ = {isa = PBXFileReference; lastKnownFileType = sourcecode.swift; path = AppDelegate.swift; sourceTree = "<group>"; };
		E319BA7124B23552007040B4 /* Event.swift */ = {isa = PBXFileReference; lastKnownFileType = sourcecode.swift; path = Event.swift; sourceTree = "<group>"; };
		E349425124AF50C400658E9D /* AthletyApp.swift */ = {isa = PBXFileReference; lastKnownFileType = sourcecode.swift; path = AthletyApp.swift; sourceTree = "<group>"; };
		E349425324AF50C600658E9D /* Assets.xcassets */ = {isa = PBXFileReference; lastKnownFileType = folder.assetcatalog; path = Assets.xcassets; sourceTree = "<group>"; };
		E349425824AF50C600658E9D /* Athlety.app */ = {isa = PBXFileReference; explicitFileType = wrapper.application; includeInIndex = 0; path = Athlety.app; sourceTree = BUILT_PRODUCTS_DIR; };
		E349425B24AF50C600658E9D /* Info.plist */ = {isa = PBXFileReference; lastKnownFileType = text.plist.xml; path = Info.plist; sourceTree = "<group>"; };
		E349426024AF50C600658E9D /* Athlety.app */ = {isa = PBXFileReference; explicitFileType = wrapper.application; includeInIndex = 0; path = Athlety.app; sourceTree = BUILT_PRODUCTS_DIR; };
		E349426224AF50C600658E9D /* Info.plist */ = {isa = PBXFileReference; lastKnownFileType = text.plist.xml; path = Info.plist; sourceTree = "<group>"; };
		E349426324AF50C600658E9D /* macOS.entitlements */ = {isa = PBXFileReference; lastKnownFileType = text.plist.entitlements; path = macOS.entitlements; sourceTree = "<group>"; };
		E349426824AF50C600658E9D /* Tests iOS.xctest */ = {isa = PBXFileReference; explicitFileType = wrapper.cfbundle; includeInIndex = 0; path = "Tests iOS.xctest"; sourceTree = BUILT_PRODUCTS_DIR; };
		E349426C24AF50C600658E9D /* Tests_iOS.swift */ = {isa = PBXFileReference; lastKnownFileType = sourcecode.swift; path = Tests_iOS.swift; sourceTree = "<group>"; };
		E349426E24AF50C600658E9D /* Info.plist */ = {isa = PBXFileReference; lastKnownFileType = text.plist.xml; path = Info.plist; sourceTree = "<group>"; };
		E349427324AF50C600658E9D /* Tests macOS.xctest */ = {isa = PBXFileReference; explicitFileType = wrapper.cfbundle; includeInIndex = 0; path = "Tests macOS.xctest"; sourceTree = BUILT_PRODUCTS_DIR; };
		E349427724AF50C600658E9D /* Tests_macOS.swift */ = {isa = PBXFileReference; lastKnownFileType = sourcecode.swift; path = Tests_macOS.swift; sourceTree = "<group>"; };
		E349427924AF50C600658E9D /* Info.plist */ = {isa = PBXFileReference; lastKnownFileType = text.plist.xml; path = Info.plist; sourceTree = "<group>"; };
		E35F7D5C24BA4A71008E7A2D /* EventCardView.swift */ = {isa = PBXFileReference; lastKnownFileType = sourcecode.swift; path = EventCardView.swift; sourceTree = "<group>"; };
		E35F7D5F24BA53AA008E7A2D /* EventDetailsView.swift */ = {isa = PBXFileReference; lastKnownFileType = sourcecode.swift; path = EventDetailsView.swift; sourceTree = "<group>"; };
		E3B817E324BA3E990077951F /* EventStore.swift */ = {isa = PBXFileReference; lastKnownFileType = sourcecode.swift; path = EventStore.swift; sourceTree = "<group>"; };
		E3B817E724BA44F60077951F /* EventTestData.swift */ = {isa = PBXFileReference; lastKnownFileType = sourcecode.swift; path = EventTestData.swift; sourceTree = "<group>"; };
/* End PBXFileReference section */

/* Begin PBXFrameworksBuildPhase section */
		E349425524AF50C600658E9D /* Frameworks */ = {
			isa = PBXFrameworksBuildPhase;
			buildActionMask = 2147483647;
			files = (
				78A4F00E259FF97E00F3A276 /* FirebaseFirestoreSwift-Beta in Frameworks */,
				78A4F00A259FF97E00F3A276 /* FirebaseAuth in Frameworks */,
				78A4F00C259FF97E00F3A276 /* FirebaseFirestore in Frameworks */,
			);
			runOnlyForDeploymentPostprocessing = 0;
		};
		E349425D24AF50C600658E9D /* Frameworks */ = {
			isa = PBXFrameworksBuildPhase;
			buildActionMask = 2147483647;
			files = (
			);
			runOnlyForDeploymentPostprocessing = 0;
		};
		E349426524AF50C600658E9D /* Frameworks */ = {
			isa = PBXFrameworksBuildPhase;
			buildActionMask = 2147483647;
			files = (
			);
			runOnlyForDeploymentPostprocessing = 0;
		};
		E349427024AF50C600658E9D /* Frameworks */ = {
			isa = PBXFrameworksBuildPhase;
			buildActionMask = 2147483647;
			files = (
			);
			runOnlyForDeploymentPostprocessing = 0;
		};
/* End PBXFrameworksBuildPhase section */

/* Begin PBXGroup section */
		78A4EFE3259FD08B00F3A276 /* Auth */ = {
			isa = PBXGroup;
			children = (
				78A4EFE4259FD0A400F3A276 /* Login */,
			);
			path = Auth;
			sourceTree = "<group>";
		};
		78A4EFE4259FD0A400F3A276 /* Login */ = {
			isa = PBXGroup;
			children = (
				78A4EFE5259FD0B600F3A276 /* LoginView.swift */,
			);
			path = Login;
			sourceTree = "<group>";
		};
		78A4EFEF259FD96E00F3A276 /* Profile */ = {
			isa = PBXGroup;
			children = (
				78A4EFF0259FD98900F3A276 /* ProfileView.swift */,
			);
			path = Profile;
			sourceTree = "<group>";
		};
		78A4F01725A002D300F3A276 /* Utils */ = {
			isa = PBXGroup;
			children = (
				78A4F02425A0032F00F3A276 /* Views */,
			);
			path = Utils;
			sourceTree = "<group>";
		};
		78A4F02425A0032F00F3A276 /* Views */ = {
			isa = PBXGroup;
			children = (
				78A4F01E25A0031500F3A276 /* DateTimePicker.swift */,
			);
			path = Views;
			sourceTree = "<group>";
		};
		E304B73824B21EBC00C6C408 /* App */ = {
			isa = PBXGroup;
			children = (
				E304B73C24B2231900C6C408 /* AppView.swift */,
			);
			path = App;
			sourceTree = "<group>";
		};
		E304B73924B21EC700C6C408 /* App */ = {
			isa = PBXGroup;
			children = (
				E304B73A24B21EDB00C6C408 /* AppView.swift */,
				E31689EE24B8FB610061D9DF /* AppDelegate.swift */,
			);
			path = App;
			sourceTree = "<group>";
		};
		E304B73E24B2252E00C6C408 /* Events */ = {
			isa = PBXGroup;
			children = (
				E304B74324B2333000C6C408 /* Add */,
				E35F7D5E24BA539E008E7A2D /* Details */,
				E304B74424B2333600C6C408 /* Overview */,
			);
			path = Events;
			sourceTree = "<group>";
		};
		E304B74324B2333000C6C408 /* Add */ = {
			isa = PBXGroup;
			children = (
				E304B74124B2332700C6C408 /* AddEventView.swift */,
				78A4EFDD259F976100F3A276 /* AddEventViewModel.swift */,
			);
			path = Add;
			sourceTree = "<group>";
		};
		E304B74424B2333600C6C408 /* Overview */ = {
			isa = PBXGroup;
			children = (
				E304B73F24B2254E00C6C408 /* EventsOverview.swift */,
				E35F7D5C24BA4A71008E7A2D /* EventCardView.swift */,
			);
			path = Overview;
			sourceTree = "<group>";
		};
		E319BA6F24B23515007040B4 /* Events */ = {
			isa = PBXGroup;
			children = (
				E319BA7124B23552007040B4 /* Event.swift */,
				E3B817E324BA3E990077951F /* EventStore.swift */,
				E3B817E724BA44F60077951F /* EventTestData.swift */,
			);
			path = Events;
			sourceTree = "<group>";
		};
		E319BA7024B2351D007040B4 /* App */ = {
			isa = PBXGroup;
			children = (
				E349425124AF50C400658E9D /* AthletyApp.swift */,
			);
			path = App;
			sourceTree = "<group>";
		};
		E349424B24AF50C400658E9D = {
			isa = PBXGroup;
			children = (
				E349425024AF50C400658E9D /* Shared */,
				E349425A24AF50C600658E9D /* iOS */,
				E349426124AF50C600658E9D /* macOS */,
				E349426B24AF50C600658E9D /* Tests iOS */,
				E349427624AF50C600658E9D /* Tests macOS */,
				E349425924AF50C600658E9D /* Products */,
			);
			sourceTree = "<group>";
		};
		E349425024AF50C400658E9D /* Shared */ = {
			isa = PBXGroup;
			children = (
				E319BA7024B2351D007040B4 /* App */,
				E319BA6F24B23515007040B4 /* Events */,
				E349425324AF50C600658E9D /* Assets.xcassets */,
			);
			path = Shared;
			sourceTree = "<group>";
		};
		E349425924AF50C600658E9D /* Products */ = {
			isa = PBXGroup;
			children = (
				E349425824AF50C600658E9D /* Athlety.app */,
				E349426024AF50C600658E9D /* Athlety.app */,
				E349426824AF50C600658E9D /* Tests iOS.xctest */,
				E349427324AF50C600658E9D /* Tests macOS.xctest */,
			);
			name = Products;
			sourceTree = "<group>";
		};
		E349425A24AF50C600658E9D /* iOS */ = {
			isa = PBXGroup;
			children = (
				78A4EFE3259FD08B00F3A276 /* Auth */,
				E304B73924B21EC700C6C408 /* App */,
				E304B73E24B2252E00C6C408 /* Events */,
				78A4EFEF259FD96E00F3A276 /* Profile */,
				78A4F01725A002D300F3A276 /* Utils */,
				E31422FB24B8FE5A00CCE52C /* GoogleService-Info.plist */,
				E349425B24AF50C600658E9D /* Info.plist */,
			);
			path = iOS;
			sourceTree = "<group>";
		};
		E349426124AF50C600658E9D /* macOS */ = {
			isa = PBXGroup;
			children = (
				E304B73824B21EBC00C6C408 /* App */,
				E349426224AF50C600658E9D /* Info.plist */,
				E349426324AF50C600658E9D /* macOS.entitlements */,
			);
			path = macOS;
			sourceTree = "<group>";
		};
		E349426B24AF50C600658E9D /* Tests iOS */ = {
			isa = PBXGroup;
			children = (
				E349426C24AF50C600658E9D /* Tests_iOS.swift */,
				E349426E24AF50C600658E9D /* Info.plist */,
			);
			path = "Tests iOS";
			sourceTree = "<group>";
		};
		E349427624AF50C600658E9D /* Tests macOS */ = {
			isa = PBXGroup;
			children = (
				E349427724AF50C600658E9D /* Tests_macOS.swift */,
				E349427924AF50C600658E9D /* Info.plist */,
			);
			path = "Tests macOS";
			sourceTree = "<group>";
		};
		E35F7D5E24BA539E008E7A2D /* Details */ = {
			isa = PBXGroup;
			children = (
				E35F7D5F24BA53AA008E7A2D /* EventDetailsView.swift */,
			);
			path = Details;
			sourceTree = "<group>";
		};
/* End PBXGroup section */

/* Begin PBXNativeTarget section */
		E349425724AF50C600658E9D /* iOS */ = {
			isa = PBXNativeTarget;
			buildConfigurationList = E349428224AF50C600658E9D /* Build configuration list for PBXNativeTarget "iOS" */;
			buildPhases = (
				E349425424AF50C600658E9D /* Sources */,
				E349425524AF50C600658E9D /* Frameworks */,
				E349425624AF50C600658E9D /* Resources */,
			);
			buildRules = (
			);
			dependencies = (
			);
			name = iOS;
			packageProductDependencies = (
				78A4F009259FF97E00F3A276 /* FirebaseAuth */,
				78A4F00B259FF97E00F3A276 /* FirebaseFirestore */,
				78A4F00D259FF97E00F3A276 /* FirebaseFirestoreSwift-Beta */,
			);
			productName = iOS;
			productReference = E349425824AF50C600658E9D /* Athlety.app */;
			productType = "com.apple.product-type.application";
		};
		E349425F24AF50C600658E9D /* macOS */ = {
			isa = PBXNativeTarget;
			buildConfigurationList = E349428524AF50C600658E9D /* Build configuration list for PBXNativeTarget "macOS" */;
			buildPhases = (
				E349425C24AF50C600658E9D /* Sources */,
				E349425D24AF50C600658E9D /* Frameworks */,
				E349425E24AF50C600658E9D /* Resources */,
			);
			buildRules = (
			);
			dependencies = (
			);
			name = macOS;
			productName = macOS;
			productReference = E349426024AF50C600658E9D /* Athlety.app */;
			productType = "com.apple.product-type.application";
		};
		E349426724AF50C600658E9D /* Tests iOS */ = {
			isa = PBXNativeTarget;
			buildConfigurationList = E349428824AF50C600658E9D /* Build configuration list for PBXNativeTarget "Tests iOS" */;
			buildPhases = (
				E349426424AF50C600658E9D /* Sources */,
				E349426524AF50C600658E9D /* Frameworks */,
				E349426624AF50C600658E9D /* Resources */,
			);
			buildRules = (
			);
			dependencies = (
				E349426A24AF50C600658E9D /* PBXTargetDependency */,
			);
			name = "Tests iOS";
			productName = "Tests iOS";
			productReference = E349426824AF50C600658E9D /* Tests iOS.xctest */;
			productType = "com.apple.product-type.bundle.ui-testing";
		};
		E349427224AF50C600658E9D /* Tests macOS */ = {
			isa = PBXNativeTarget;
			buildConfigurationList = E349428B24AF50C600658E9D /* Build configuration list for PBXNativeTarget "Tests macOS" */;
			buildPhases = (
				E349426F24AF50C600658E9D /* Sources */,
				E349427024AF50C600658E9D /* Frameworks */,
				E349427124AF50C600658E9D /* Resources */,
			);
			buildRules = (
			);
			dependencies = (
				E349427524AF50C600658E9D /* PBXTargetDependency */,
			);
			name = "Tests macOS";
			productName = "Tests macOS";
			productReference = E349427324AF50C600658E9D /* Tests macOS.xctest */;
			productType = "com.apple.product-type.bundle.ui-testing";
		};
/* End PBXNativeTarget section */

/* Begin PBXProject section */
		E349424C24AF50C400658E9D /* Project object */ = {
			isa = PBXProject;
			attributes = {
				LastSwiftUpdateCheck = 1200;
				LastUpgradeCheck = 1230;
				TargetAttributes = {
					E349425724AF50C600658E9D = {
						CreatedOnToolsVersion = 12.0;
					};
					E349425F24AF50C600658E9D = {
						CreatedOnToolsVersion = 12.0;
					};
					E349426724AF50C600658E9D = {
						CreatedOnToolsVersion = 12.0;
						TestTargetID = E349425724AF50C600658E9D;
					};
					E349427224AF50C600658E9D = {
						CreatedOnToolsVersion = 12.0;
						TestTargetID = E349425F24AF50C600658E9D;
					};
				};
			};
			buildConfigurationList = E349424F24AF50C400658E9D /* Build configuration list for PBXProject "Athlety" */;
			compatibilityVersion = "Xcode 9.3";
			developmentRegion = en;
			hasScannedForEncodings = 0;
			knownRegions = (
				en,
				Base,
			);
			mainGroup = E349424B24AF50C400658E9D;
			packageReferences = (
				78A4F008259FF97E00F3A276 /* XCRemoteSwiftPackageReference "firebase-ios-sdk" */,
			);
			productRefGroup = E349425924AF50C600658E9D /* Products */;
			projectDirPath = "";
			projectRoot = "";
			targets = (
				E349425724AF50C600658E9D /* iOS */,
				E349425F24AF50C600658E9D /* macOS */,
				E349426724AF50C600658E9D /* Tests iOS */,
				E349427224AF50C600658E9D /* Tests macOS */,
			);
		};
/* End PBXProject section */

/* Begin PBXResourcesBuildPhase section */
		E349425624AF50C600658E9D /* Resources */ = {
			isa = PBXResourcesBuildPhase;
			buildActionMask = 2147483647;
			files = (
				E349427E24AF50C600658E9D /* Assets.xcassets in Resources */,
				E31422FC24B8FE5A00CCE52C /* GoogleService-Info.plist in Resources */,
			);
			runOnlyForDeploymentPostprocessing = 0;
		};
		E349425E24AF50C600658E9D /* Resources */ = {
			isa = PBXResourcesBuildPhase;
			buildActionMask = 2147483647;
			files = (
				E349427F24AF50C600658E9D /* Assets.xcassets in Resources */,
			);
			runOnlyForDeploymentPostprocessing = 0;
		};
		E349426624AF50C600658E9D /* Resources */ = {
			isa = PBXResourcesBuildPhase;
			buildActionMask = 2147483647;
			files = (
			);
			runOnlyForDeploymentPostprocessing = 0;
		};
		E349427124AF50C600658E9D /* Resources */ = {
			isa = PBXResourcesBuildPhase;
			buildActionMask = 2147483647;
			files = (
			);
			runOnlyForDeploymentPostprocessing = 0;
		};
/* End PBXResourcesBuildPhase section */

/* Begin PBXSourcesBuildPhase section */
		E349425424AF50C600658E9D /* Sources */ = {
			isa = PBXSourcesBuildPhase;
			buildActionMask = 2147483647;
			files = (
				E31689EF24B8FB610061D9DF /* AppDelegate.swift in Sources */,
				E349427A24AF50C600658E9D /* AthletyApp.swift in Sources */,
				E3B817E824BA44F60077951F /* EventTestData.swift in Sources */,
				E35F7D5D24BA4A71008E7A2D /* EventCardView.swift in Sources */,
				78A4EFDE259F976100F3A276 /* AddEventViewModel.swift in Sources */,
				E304B73B24B21EDB00C6C408 /* AppView.swift in Sources */,
				E3B817E424BA3E990077951F /* EventStore.swift in Sources */,
				E304B74024B2254E00C6C408 /* EventsOverview.swift in Sources */,
				E304B74224B2332700C6C408 /* AddEventView.swift in Sources */,
				E35F7D6024BA53AA008E7A2D /* EventDetailsView.swift in Sources */,
				E319BA7224B23552007040B4 /* Event.swift in Sources */,
				78A4F01F25A0031500F3A276 /* DateTimePicker.swift in Sources */,
				78A4EFF1259FD98900F3A276 /* ProfileView.swift in Sources */,
				78A4EFE6259FD0B600F3A276 /* LoginView.swift in Sources */,
			);
			runOnlyForDeploymentPostprocessing = 0;
		};
		E349425C24AF50C600658E9D /* Sources */ = {
			isa = PBXSourcesBuildPhase;
			buildActionMask = 2147483647;
			files = (
				E349427B24AF50C600658E9D /* AthletyApp.swift in Sources */,
				78A4EFCA259F814100F3A276 /* Event.swift in Sources */,
				78A4EFCB259F814300F3A276 /* EventStore.swift in Sources */,
				78A4EFCC259F814500F3A276 /* EventTestData.swift in Sources */,
				E304B73D24B2231900C6C408 /* AppView.swift in Sources */,
			);
			runOnlyForDeploymentPostprocessing = 0;
		};
		E349426424AF50C600658E9D /* Sources */ = {
			isa = PBXSourcesBuildPhase;
			buildActionMask = 2147483647;
			files = (
				E349426D24AF50C600658E9D /* Tests_iOS.swift in Sources */,
			);
			runOnlyForDeploymentPostprocessing = 0;
		};
		E349426F24AF50C600658E9D /* Sources */ = {
			isa = PBXSourcesBuildPhase;
			buildActionMask = 2147483647;
			files = (
				E349427824AF50C600658E9D /* Tests_macOS.swift in Sources */,
			);
			runOnlyForDeploymentPostprocessing = 0;
		};
/* End PBXSourcesBuildPhase section */

/* Begin PBXTargetDependency section */
		E349426A24AF50C600658E9D /* PBXTargetDependency */ = {
			isa = PBXTargetDependency;
			target = E349425724AF50C600658E9D /* iOS */;
			targetProxy = E349426924AF50C600658E9D /* PBXContainerItemProxy */;
		};
		E349427524AF50C600658E9D /* PBXTargetDependency */ = {
			isa = PBXTargetDependency;
			target = E349425F24AF50C600658E9D /* macOS */;
			targetProxy = E349427424AF50C600658E9D /* PBXContainerItemProxy */;
		};
/* End PBXTargetDependency section */

/* Begin XCBuildConfiguration section */
		E349428024AF50C600658E9D /* Debug */ = {
			isa = XCBuildConfiguration;
			buildSettings = {
				ALWAYS_SEARCH_USER_PATHS = NO;
				CLANG_ANALYZER_NONNULL = YES;
				CLANG_ANALYZER_NUMBER_OBJECT_CONVERSION = YES_AGGRESSIVE;
				CLANG_CXX_LANGUAGE_STANDARD = "gnu++14";
				CLANG_CXX_LIBRARY = "libc++";
				CLANG_ENABLE_MODULES = YES;
				CLANG_ENABLE_OBJC_ARC = YES;
				CLANG_ENABLE_OBJC_WEAK = YES;
				CLANG_WARN_BLOCK_CAPTURE_AUTORELEASING = YES;
				CLANG_WARN_BOOL_CONVERSION = YES;
				CLANG_WARN_COMMA = YES;
				CLANG_WARN_CONSTANT_CONVERSION = YES;
				CLANG_WARN_DEPRECATED_OBJC_IMPLEMENTATIONS = YES;
				CLANG_WARN_DIRECT_OBJC_ISA_USAGE = YES_ERROR;
				CLANG_WARN_DOCUMENTATION_COMMENTS = YES;
				CLANG_WARN_EMPTY_BODY = YES;
				CLANG_WARN_ENUM_CONVERSION = YES;
				CLANG_WARN_INFINITE_RECURSION = YES;
				CLANG_WARN_INT_CONVERSION = YES;
				CLANG_WARN_NON_LITERAL_NULL_CONVERSION = YES;
				CLANG_WARN_OBJC_IMPLICIT_RETAIN_SELF = YES;
				CLANG_WARN_OBJC_LITERAL_CONVERSION = YES;
				CLANG_WARN_OBJC_ROOT_CLASS = YES_ERROR;
				CLANG_WARN_QUOTED_INCLUDE_IN_FRAMEWORK_HEADER = YES;
				CLANG_WARN_RANGE_LOOP_ANALYSIS = YES;
				CLANG_WARN_STRICT_PROTOTYPES = YES;
				CLANG_WARN_SUSPICIOUS_MOVE = YES;
				CLANG_WARN_UNGUARDED_AVAILABILITY = YES_AGGRESSIVE;
				CLANG_WARN_UNREACHABLE_CODE = YES;
				CLANG_WARN__DUPLICATE_METHOD_MATCH = YES;
				COPY_PHASE_STRIP = NO;
				DEBUG_INFORMATION_FORMAT = dwarf;
				ENABLE_STRICT_OBJC_MSGSEND = YES;
				ENABLE_TESTABILITY = YES;
				GCC_C_LANGUAGE_STANDARD = gnu11;
				GCC_DYNAMIC_NO_PIC = NO;
				GCC_NO_COMMON_BLOCKS = YES;
				GCC_OPTIMIZATION_LEVEL = 0;
				GCC_PREPROCESSOR_DEFINITIONS = (
					"DEBUG=1",
					"$(inherited)",
				);
				GCC_WARN_64_TO_32_BIT_CONVERSION = YES;
				GCC_WARN_ABOUT_RETURN_TYPE = YES_ERROR;
				GCC_WARN_UNDECLARED_SELECTOR = YES;
				GCC_WARN_UNINITIALIZED_AUTOS = YES_AGGRESSIVE;
				GCC_WARN_UNUSED_FUNCTION = YES;
				GCC_WARN_UNUSED_VARIABLE = YES;
				MTL_ENABLE_DEBUG_INFO = INCLUDE_SOURCE;
				MTL_FAST_MATH = YES;
				ONLY_ACTIVE_ARCH = YES;
				SWIFT_ACTIVE_COMPILATION_CONDITIONS = DEBUG;
				SWIFT_OPTIMIZATION_LEVEL = "-Onone";
			};
			name = Debug;
		};
		E349428124AF50C600658E9D /* Release */ = {
			isa = XCBuildConfiguration;
			buildSettings = {
				ALWAYS_SEARCH_USER_PATHS = NO;
				CLANG_ANALYZER_NONNULL = YES;
				CLANG_ANALYZER_NUMBER_OBJECT_CONVERSION = YES_AGGRESSIVE;
				CLANG_CXX_LANGUAGE_STANDARD = "gnu++14";
				CLANG_CXX_LIBRARY = "libc++";
				CLANG_ENABLE_MODULES = YES;
				CLANG_ENABLE_OBJC_ARC = YES;
				CLANG_ENABLE_OBJC_WEAK = YES;
				CLANG_WARN_BLOCK_CAPTURE_AUTORELEASING = YES;
				CLANG_WARN_BOOL_CONVERSION = YES;
				CLANG_WARN_COMMA = YES;
				CLANG_WARN_CONSTANT_CONVERSION = YES;
				CLANG_WARN_DEPRECATED_OBJC_IMPLEMENTATIONS = YES;
				CLANG_WARN_DIRECT_OBJC_ISA_USAGE = YES_ERROR;
				CLANG_WARN_DOCUMENTATION_COMMENTS = YES;
				CLANG_WARN_EMPTY_BODY = YES;
				CLANG_WARN_ENUM_CONVERSION = YES;
				CLANG_WARN_INFINITE_RECURSION = YES;
				CLANG_WARN_INT_CONVERSION = YES;
				CLANG_WARN_NON_LITERAL_NULL_CONVERSION = YES;
				CLANG_WARN_OBJC_IMPLICIT_RETAIN_SELF = YES;
				CLANG_WARN_OBJC_LITERAL_CONVERSION = YES;
				CLANG_WARN_OBJC_ROOT_CLASS = YES_ERROR;
				CLANG_WARN_QUOTED_INCLUDE_IN_FRAMEWORK_HEADER = YES;
				CLANG_WARN_RANGE_LOOP_ANALYSIS = YES;
				CLANG_WARN_STRICT_PROTOTYPES = YES;
				CLANG_WARN_SUSPICIOUS_MOVE = YES;
				CLANG_WARN_UNGUARDED_AVAILABILITY = YES_AGGRESSIVE;
				CLANG_WARN_UNREACHABLE_CODE = YES;
				CLANG_WARN__DUPLICATE_METHOD_MATCH = YES;
				COPY_PHASE_STRIP = NO;
				DEBUG_INFORMATION_FORMAT = "dwarf-with-dsym";
				ENABLE_NS_ASSERTIONS = NO;
				ENABLE_STRICT_OBJC_MSGSEND = YES;
				GCC_C_LANGUAGE_STANDARD = gnu11;
				GCC_NO_COMMON_BLOCKS = YES;
				GCC_WARN_64_TO_32_BIT_CONVERSION = YES;
				GCC_WARN_ABOUT_RETURN_TYPE = YES_ERROR;
				GCC_WARN_UNDECLARED_SELECTOR = YES;
				GCC_WARN_UNINITIALIZED_AUTOS = YES_AGGRESSIVE;
				GCC_WARN_UNUSED_FUNCTION = YES;
				GCC_WARN_UNUSED_VARIABLE = YES;
				MTL_ENABLE_DEBUG_INFO = NO;
				MTL_FAST_MATH = YES;
				SWIFT_COMPILATION_MODE = wholemodule;
				SWIFT_OPTIMIZATION_LEVEL = "-O";
			};
			name = Release;
		};
		E349428324AF50C600658E9D /* Debug */ = {
			isa = XCBuildConfiguration;
			buildSettings = {
				ASSETCATALOG_COMPILER_APPICON_NAME = AppIcon;
				ASSETCATALOG_COMPILER_GLOBAL_ACCENT_COLOR_NAME = AccentColor;
				CODE_SIGN_STYLE = Automatic;
				DEVELOPMENT_TEAM = 4WQK6AKPMW;
				ENABLE_PREVIEWS = YES;
				INFOPLIST_FILE = iOS/Info.plist;
				IPHONEOS_DEPLOYMENT_TARGET = 14.0;
				LD_RUNPATH_SEARCH_PATHS = (
					"$(inherited)",
					"@executable_path/Frameworks",
				);
				PRODUCT_BUNDLE_IDENTIFIER = com.nordlicht.athlety;
				PRODUCT_NAME = Athlety;
				SDKROOT = iphoneos;
				SWIFT_VERSION = 5.0;
				TARGETED_DEVICE_FAMILY = "1,2";
			};
			name = Debug;
		};
		E349428424AF50C600658E9D /* Release */ = {
			isa = XCBuildConfiguration;
			buildSettings = {
				ASSETCATALOG_COMPILER_APPICON_NAME = AppIcon;
				ASSETCATALOG_COMPILER_GLOBAL_ACCENT_COLOR_NAME = AccentColor;
				CODE_SIGN_STYLE = Automatic;
				DEVELOPMENT_TEAM = 4WQK6AKPMW;
				ENABLE_PREVIEWS = YES;
				INFOPLIST_FILE = iOS/Info.plist;
				IPHONEOS_DEPLOYMENT_TARGET = 14.0;
				LD_RUNPATH_SEARCH_PATHS = (
					"$(inherited)",
					"@executable_path/Frameworks",
				);
				PRODUCT_BUNDLE_IDENTIFIER = com.nordlicht.athlety;
				PRODUCT_NAME = Athlety;
				SDKROOT = iphoneos;
				SWIFT_VERSION = 5.0;
				TARGETED_DEVICE_FAMILY = "1,2";
				VALIDATE_PRODUCT = YES;
			};
			name = Release;
		};
		E349428624AF50C600658E9D /* Debug */ = {
			isa = XCBuildConfiguration;
			buildSettings = {
				ASSETCATALOG_COMPILER_APPICON_NAME = AppIcon;
				ASSETCATALOG_COMPILER_GLOBAL_ACCENT_COLOR_NAME = AccentColor;
				CODE_SIGN_ENTITLEMENTS = macOS/macOS.entitlements;
				CODE_SIGN_IDENTITY = "-";
				CODE_SIGN_STYLE = Automatic;
				COMBINE_HIDPI_IMAGES = YES;
				ENABLE_PREVIEWS = YES;
				INFOPLIST_FILE = macOS/Info.plist;
				LD_RUNPATH_SEARCH_PATHS = (
					"$(inherited)",
					"@executable_path/../Frameworks",
				);
				MACOSX_DEPLOYMENT_TARGET = 10.16;
				PRODUCT_BUNDLE_IDENTIFIER = com.nordlicht.athlety;
				PRODUCT_NAME = Athlety;
				SDKROOT = macosx;
				SWIFT_VERSION = 5.0;
			};
			name = Debug;
		};
		E349428724AF50C600658E9D /* Release */ = {
			isa = XCBuildConfiguration;
			buildSettings = {
				ASSETCATALOG_COMPILER_APPICON_NAME = AppIcon;
				ASSETCATALOG_COMPILER_GLOBAL_ACCENT_COLOR_NAME = AccentColor;
				CODE_SIGN_ENTITLEMENTS = macOS/macOS.entitlements;
				CODE_SIGN_IDENTITY = "-";
				CODE_SIGN_STYLE = Automatic;
				COMBINE_HIDPI_IMAGES = YES;
				ENABLE_PREVIEWS = YES;
				INFOPLIST_FILE = macOS/Info.plist;
				LD_RUNPATH_SEARCH_PATHS = (
					"$(inherited)",
					"@executable_path/../Frameworks",
				);
				MACOSX_DEPLOYMENT_TARGET = 10.16;
				PRODUCT_BUNDLE_IDENTIFIER = com.nordlicht.athlety;
				PRODUCT_NAME = Athlety;
				SDKROOT = macosx;
				SWIFT_VERSION = 5.0;
			};
			name = Release;
		};
		E349428924AF50C600658E9D /* Debug */ = {
			isa = XCBuildConfiguration;
			buildSettings = {
				ALWAYS_EMBED_SWIFT_STANDARD_LIBRARIES = YES;
				CODE_SIGN_STYLE = Automatic;
				INFOPLIST_FILE = "Tests iOS/Info.plist";
				IPHONEOS_DEPLOYMENT_TARGET = 14.0;
				LD_RUNPATH_SEARCH_PATHS = (
					"$(inherited)",
					"@executable_path/Frameworks",
					"@loader_path/Frameworks",
				);
				PRODUCT_BUNDLE_IDENTIFIER = "com.nordlicht.Tests-iOS";
				PRODUCT_NAME = "$(TARGET_NAME)";
				SDKROOT = iphoneos;
				SWIFT_VERSION = 5.0;
				TARGETED_DEVICE_FAMILY = "1,2";
				TEST_TARGET_NAME = iOS;
			};
			name = Debug;
		};
		E349428A24AF50C600658E9D /* Release */ = {
			isa = XCBuildConfiguration;
			buildSettings = {
				ALWAYS_EMBED_SWIFT_STANDARD_LIBRARIES = YES;
				CODE_SIGN_STYLE = Automatic;
				INFOPLIST_FILE = "Tests iOS/Info.plist";
				IPHONEOS_DEPLOYMENT_TARGET = 14.0;
				LD_RUNPATH_SEARCH_PATHS = (
					"$(inherited)",
					"@executable_path/Frameworks",
					"@loader_path/Frameworks",
				);
				PRODUCT_BUNDLE_IDENTIFIER = "com.nordlicht.Tests-iOS";
				PRODUCT_NAME = "$(TARGET_NAME)";
				SDKROOT = iphoneos;
				SWIFT_VERSION = 5.0;
				TARGETED_DEVICE_FAMILY = "1,2";
				TEST_TARGET_NAME = iOS;
				VALIDATE_PRODUCT = YES;
			};
			name = Release;
		};
		E349428C24AF50C600658E9D /* Debug */ = {
			isa = XCBuildConfiguration;
			buildSettings = {
				ALWAYS_EMBED_SWIFT_STANDARD_LIBRARIES = YES;
				CODE_SIGN_STYLE = Automatic;
				COMBINE_HIDPI_IMAGES = YES;
				INFOPLIST_FILE = "Tests macOS/Info.plist";
				LD_RUNPATH_SEARCH_PATHS = (
					"$(inherited)",
					"@executable_path/../Frameworks",
					"@loader_path/../Frameworks",
				);
				MACOSX_DEPLOYMENT_TARGET = 10.16;
				PRODUCT_BUNDLE_IDENTIFIER = "com.nordlicht.Tests-macOS";
				PRODUCT_NAME = "$(TARGET_NAME)";
				SDKROOT = macosx;
				SWIFT_VERSION = 5.0;
				TEST_TARGET_NAME = macOS;
			};
			name = Debug;
		};
		E349428D24AF50C600658E9D /* Release */ = {
			isa = XCBuildConfiguration;
			buildSettings = {
				ALWAYS_EMBED_SWIFT_STANDARD_LIBRARIES = YES;
				CODE_SIGN_STYLE = Automatic;
				COMBINE_HIDPI_IMAGES = YES;
				INFOPLIST_FILE = "Tests macOS/Info.plist";
				LD_RUNPATH_SEARCH_PATHS = (
					"$(inherited)",
					"@executable_path/../Frameworks",
					"@loader_path/../Frameworks",
				);
				MACOSX_DEPLOYMENT_TARGET = 10.16;
				PRODUCT_BUNDLE_IDENTIFIER = "com.nordlicht.Tests-macOS";
				PRODUCT_NAME = "$(TARGET_NAME)";
				SDKROOT = macosx;
				SWIFT_VERSION = 5.0;
				TEST_TARGET_NAME = macOS;
			};
			name = Release;
		};
/* End XCBuildConfiguration section */

/* Begin XCConfigurationList section */
		E349424F24AF50C400658E9D /* Build configuration list for PBXProject "Athlety" */ = {
			isa = XCConfigurationList;
			buildConfigurations = (
				E349428024AF50C600658E9D /* Debug */,
				E349428124AF50C600658E9D /* Release */,
			);
			defaultConfigurationIsVisible = 0;
			defaultConfigurationName = Release;
		};
		E349428224AF50C600658E9D /* Build configuration list for PBXNativeTarget "iOS" */ = {
			isa = XCConfigurationList;
			buildConfigurations = (
				E349428324AF50C600658E9D /* Debug */,
				E349428424AF50C600658E9D /* Release */,
			);
			defaultConfigurationIsVisible = 0;
			defaultConfigurationName = Release;
		};
		E349428524AF50C600658E9D /* Build configuration list for PBXNativeTarget "macOS" */ = {
			isa = XCConfigurationList;
			buildConfigurations = (
				E349428624AF50C600658E9D /* Debug */,
				E349428724AF50C600658E9D /* Release */,
			);
			defaultConfigurationIsVisible = 0;
			defaultConfigurationName = Release;
		};
		E349428824AF50C600658E9D /* Build configuration list for PBXNativeTarget "Tests iOS" */ = {
			isa = XCConfigurationList;
			buildConfigurations = (
				E349428924AF50C600658E9D /* Debug */,
				E349428A24AF50C600658E9D /* Release */,
			);
			defaultConfigurationIsVisible = 0;
			defaultConfigurationName = Release;
		};
		E349428B24AF50C600658E9D /* Build configuration list for PBXNativeTarget "Tests macOS" */ = {
			isa = XCConfigurationList;
			buildConfigurations = (
				E349428C24AF50C600658E9D /* Debug */,
				E349428D24AF50C600658E9D /* Release */,
			);
			defaultConfigurationIsVisible = 0;
			defaultConfigurationName = Release;
		};
/* End XCConfigurationList section */

/* Begin XCRemoteSwiftPackageReference section */
		78A4F008259FF97E00F3A276 /* XCRemoteSwiftPackageReference "firebase-ios-sdk" */ = {
			isa = XCRemoteSwiftPackageReference;
			repositoryURL = "https://github.com/firebase/firebase-ios-sdk.git";
			requirement = {
				kind = upToNextMajorVersion;
				minimumVersion = 7.3.1;
			};
		};
/* End XCRemoteSwiftPackageReference section */

/* Begin XCSwiftPackageProductDependency section */
		78A4F009259FF97E00F3A276 /* FirebaseAuth */ = {
			isa = XCSwiftPackageProductDependency;
			package = 78A4F008259FF97E00F3A276 /* XCRemoteSwiftPackageReference "firebase-ios-sdk" */;
			productName = FirebaseAuth;
		};
		78A4F00B259FF97E00F3A276 /* FirebaseFirestore */ = {
			isa = XCSwiftPackageProductDependency;
			package = 78A4F008259FF97E00F3A276 /* XCRemoteSwiftPackageReference "firebase-ios-sdk" */;
			productName = FirebaseFirestore;
		};
		78A4F00D259FF97E00F3A276 /* FirebaseFirestoreSwift-Beta */ = {
			isa = XCSwiftPackageProductDependency;
			package = 78A4F008259FF97E00F3A276 /* XCRemoteSwiftPackageReference "firebase-ios-sdk" */;
			productName = "FirebaseFirestoreSwift-Beta";
		};
/* End XCSwiftPackageProductDependency section */
	};
	rootObject = E349424C24AF50C400658E9D /* Project object */;
}
